
Microsoft Visual Studio Solution File, Format Version 10.00
# Visual Studio 2008
Project("{FAE04EC0-301F-11D3-BF4B-00C04F79EFBC}") = "Installer", "Installer.csproj", "{39FAD401-BE8C-448E-B158-4BA08D2BC19A}"
EndProject
Project("{54435603-DBB4-11D2-8724-00A0C9A8B90C}") = "CookSpreadSheetInstall", "..\InstallSheet-beta-branch\InstallSheet.vdproj", "{E8595C95-6F43-4C98-B751-3C43A9500A61}"
EndProject
Global
	GlobalSection(TeamFoundationVersionControl) = preSolution
		SccNumberOfProjects = 3
		SccEnterpriseProvider = {4CA58AB2-18FA-4F8D-95D4-32DDF27D184C}
		SccTeamFoundationServer = http://srv02:5050/tfs
		SccProjectUniqueName0 = Installer.csproj
		SccLocalPath0 = .
		SccProjectUniqueName1 = ..\\InstallSheet-beta-branch\\InstallSheet.vdproj
		SccProjectName1 = ../InstallSheet-beta-branch
		SccLocalPath1 = ..\\InstallSheet-beta-branch
		SccLocalPath2 = .
	EndGlobalSection
	GlobalSection(SolutionConfigurationPlatforms) = preSolution
		Debug|Any CPU = Debug|Any CPU
		Release|Any CPU = Release|Any CPU
	EndGlobalSection
	GlobalSection(ProjectConfigurationPlatforms) = postSolution
		{39FAD401-BE8C-448E-B158-4BA08D2BC19A}.Debug|Any CPU.ActiveCfg = Debug|Any CPU
		{39FAD401-BE8C-448E-B158-4BA08D2BC19A}.Debug|Any CPU.Build.0 = Debug|Any CPU
		{39FAD401-BE8C-448E-B158-4BA08D2BC19A}.Release|Any CPU.ActiveCfg = Release|Any CPU
		{39FAD401-BE8C-448E-B158-4BA08D2BC19A}.Release|Any CPU.Build.0 = Release|Any CPU
		{E8595C95-6F43-4C98-B751-3C43A9500A61}.Debug|Any CPU.ActiveCfg = Debug
		{E8595C95-6F43-4C98-B751-3C43A9500A61}.Debug|Any CPU.Build.0 = Debug
		{E8595C95-6F43-4C98-B751-3C43A9500A61}.Release|Any CPU.ActiveCfg = Release
		{E8595C95-6F43-4C98-B751-3C43A9500A61}.Release|Any CPU.Build.0 = Release
	EndGlobalSection
	GlobalSection(SolutionProperties) = preSolution
		HideSolutionNode = FALSE
	EndGlobalSection
EndGlobal
