
Microsoft Visual Studio Solution File, Format Version 10.00
# Visual Studio 2008
Project("{FAE04EC0-301F-11D3-BF4B-00C04F79EFBC}") = "PartialBeta", "PartialBeta.csproj", "{FDCB13E9-0DA2-41EF-8910-B154DE29F54E}"
EndProject
Global
	GlobalSection(SolutionConfigurationPlatforms) = preSolution
		Debug|Any CPU = Debug|Any CPU
		Release|Any CPU = Release|Any CPU
	EndGlobalSection
	GlobalSection(ProjectConfigurationPlatforms) = postSolution
		{FDCB13E9-0DA2-41EF-8910-B154DE29F54E}.Debug|Any CPU.ActiveCfg = Debug|Any CPU
		{FDCB13E9-0DA2-41EF-8910-B154DE29F54E}.Debug|Any CPU.Build.0 = Debug|Any CPU
		{FDCB13E9-0DA2-41EF-8910-B154DE29F54E}.Release|Any CPU.ActiveCfg = Release|Any CPU
		{FDCB13E9-0DA2-41EF-8910-B154DE29F54E}.Release|Any CPU.Build.0 = Release|Any CPU
	EndGlobalSection
	GlobalSection(SolutionProperties) = preSolution
		HideSolutionNode = FALSE
	EndGlobalSection
EndGlobal
